{
  "name": "avwx",
  "version": "1.0.0",
  "lockfileVersion": 1,
  "requires": true,
  "dependencies": {
    "asyncwait": {
      "version": "1.0.2",
      "resolved": "https://registry.npmjs.org/asyncwait/-/asyncwait-1.0.2.tgz",
      "integrity": "sha1-KZiuGU0Sjxquf/dUBZ+fY5Zoi+Q="
    },
    "node-fetch": {
      "version": "2.1.2",
      "resolved": "https://registry.npmjs.org/node-fetch/-/node-fetch-2.1.2.tgz",
      "integrity": "sha1-q4hOjn5X44qUR1POxwb3iNF2i7U="
    },
    "number-to-words": {
      "version": "1.2.3",
      "resolved": "https://registry.npmjs.org/number-to-words/-/number-to-words-1.2.3.tgz",
      "integrity": "sha1-S3E6sMJAFZERh6CgO1kQNWnX9Js="
    }
  }
}
